
Microsoft Visual Studio Solution File, Format Version 12.00
# Visual Studio Version 17
VisualStudioVersion = 17.4.33205.214
MinimumVisualStudioVersion = 10.0.40219.1
Project("{9A19103F-16F7-4668-BE54-9A1E7A4F7556}") = "ADraw", "ADraw.csproj", "{318E8362-3863-4D44-8440-65E3DDF6ACE8}"
EndProject
Project("{8BC9CEB8-8B4A-11D0-8D11-00A0C91BC942}") = "Dll1", "..\Dll1\Dll1.vcxproj", "{FE37BDB5-DE18-4E2D-B1AB-C7596939198B}"
EndProject
Project("{8BC9CEB8-8B4A-11D0-8D11-00A0C91BC942}") = "Dll2", "..\Dll2\Dll2.vcxproj", "{2A59BDAD-7AAD-4CD0-BD36-E050F25E002E}"
EndProject
Project("{FAE04EC0-301F-11D3-BF4B-00C04F79EFBC}") = "PluginInterface", "..\PluginInterface\PluginInterface.csproj", "{A773F17C-5330-40E4-9083-8AF112D63252}"
EndProject
Project("{FAE04EC0-301F-11D3-BF4B-00C04F79EFBC}") = "Transforms", "..\Transforms\Transforms.csproj", "{D97AC50C-8EB1-483B-9942-93DF9F9E0F62}"
EndProject
Project("{FAE04EC0-301F-11D3-BF4B-00C04F79EFBC}") = "GrayScale", "..\GrayScale\GrayScale.csproj", "{F10DB73D-A8BD-4BD3-83BA-281C4CD78DBE}"
EndProject
Project("{FAE04EC0-301F-11D3-BF4B-00C04F79EFBC}") = "DateTimeStamp", "..\DateTimeStamp\DateTimeStamp.csproj", "{37D73A9E-5A21-4FA0-9559-F53B64DDA025}"
EndProject
Project("{FAE04EC0-301F-11D3-BF4B-00C04F79EFBC}") = "BlurFilter", "..\BlurFilter\BlurFilter.csproj", "{76A060DB-AB52-4776-89C5-5372B07A92DD}"
EndProject
Global
	GlobalSection(SolutionConfigurationPlatforms) = preSolution
		Debug|Any CPU = Debug|Any CPU
		Debug|x64 = Debug|x64
		Debug|x86 = Debug|x86
		Release|Any CPU = Release|Any CPU
		Release|x64 = Release|x64
		Release|x86 = Release|x86
	EndGlobalSection
	GlobalSection(ProjectConfigurationPlatforms) = postSolution
		{318E8362-3863-4D44-8440-65E3DDF6ACE8}.Debug|Any CPU.ActiveCfg = Debug|Any CPU
		{318E8362-3863-4D44-8440-65E3DDF6ACE8}.Debug|Any CPU.Build.0 = Debug|Any CPU
		{318E8362-3863-4D44-8440-65E3DDF6ACE8}.Debug|x64.ActiveCfg = Debug|Any CPU
		{318E8362-3863-4D44-8440-65E3DDF6ACE8}.Debug|x64.Build.0 = Debug|Any CPU
		{318E8362-3863-4D44-8440-65E3DDF6ACE8}.Debug|x86.ActiveCfg = Debug|Any CPU
		{318E8362-3863-4D44-8440-65E3DDF6ACE8}.Debug|x86.Build.0 = Debug|Any CPU
		{318E8362-3863-4D44-8440-65E3DDF6ACE8}.Release|Any CPU.ActiveCfg = Release|Any CPU
		{318E8362-3863-4D44-8440-65E3DDF6ACE8}.Release|Any CPU.Build.0 = Release|Any CPU
		{318E8362-3863-4D44-8440-65E3DDF6ACE8}.Release|x64.ActiveCfg = Release|Any CPU
		{318E8362-3863-4D44-8440-65E3DDF6ACE8}.Release|x64.Build.0 = Release|Any CPU
		{318E8362-3863-4D44-8440-65E3DDF6ACE8}.Release|x86.ActiveCfg = Release|Any CPU
		{318E8362-3863-4D44-8440-65E3DDF6ACE8}.Release|x86.Build.0 = Release|Any CPU
		{FE37BDB5-DE18-4E2D-B1AB-C7596939198B}.Debug|Any CPU.ActiveCfg = Debug|x64
		{FE37BDB5-DE18-4E2D-B1AB-C7596939198B}.Debug|Any CPU.Build.0 = Debug|x64
		{FE37BDB5-DE18-4E2D-B1AB-C7596939198B}.Debug|x64.ActiveCfg = Debug|x64
		{FE37BDB5-DE18-4E2D-B1AB-C7596939198B}.Debug|x64.Build.0 = Debug|x64
		{FE37BDB5-DE18-4E2D-B1AB-C7596939198B}.Debug|x86.ActiveCfg = Debug|Win32
		{FE37BDB5-DE18-4E2D-B1AB-C7596939198B}.Debug|x86.Build.0 = Debug|Win32
		{FE37BDB5-DE18-4E2D-B1AB-C7596939198B}.Release|Any CPU.ActiveCfg = Release|x64
		{FE37BDB5-DE18-4E2D-B1AB-C7596939198B}.Release|Any CPU.Build.0 = Release|x64
		{FE37BDB5-DE18-4E2D-B1AB-C7596939198B}.Release|x64.ActiveCfg = Release|x64
		{FE37BDB5-DE18-4E2D-B1AB-C7596939198B}.Release|x64.Build.0 = Release|x64
		{FE37BDB5-DE18-4E2D-B1AB-C7596939198B}.Release|x86.ActiveCfg = Release|Win32
		{FE37BDB5-DE18-4E2D-B1AB-C7596939198B}.Release|x86.Build.0 = Release|Win32
		{2A59BDAD-7AAD-4CD0-BD36-E050F25E002E}.Debug|Any CPU.ActiveCfg = Debug|x64
		{2A59BDAD-7AAD-4CD0-BD36-E050F25E002E}.Debug|Any CPU.Build.0 = Debug|x64
		{2A59BDAD-7AAD-4CD0-BD36-E050F25E002E}.Debug|x64.ActiveCfg = Debug|x64
		{2A59BDAD-7AAD-4CD0-BD36-E050F25E002E}.Debug|x64.Build.0 = Debug|x64
		{2A59BDAD-7AAD-4CD0-BD36-E050F25E002E}.Debug|x86.ActiveCfg = Debug|Win32
		{2A59BDAD-7AAD-4CD0-BD36-E050F25E002E}.Debug|x86.Build.0 = Debug|Win32
		{2A59BDAD-7AAD-4CD0-BD36-E050F25E002E}.Release|Any CPU.ActiveCfg = Release|x64
		{2A59BDAD-7AAD-4CD0-BD36-E050F25E002E}.Release|Any CPU.Build.0 = Release|x64
		{2A59BDAD-7AAD-4CD0-BD36-E050F25E002E}.Release|x64.ActiveCfg = Release|x64
		{2A59BDAD-7AAD-4CD0-BD36-E050F25E002E}.Release|x64.Build.0 = Release|x64
		{2A59BDAD-7AAD-4CD0-BD36-E050F25E002E}.Release|x86.ActiveCfg = Release|Win32
		{2A59BDAD-7AAD-4CD0-BD36-E050F25E002E}.Release|x86.Build.0 = Release|Win32
		{A773F17C-5330-40E4-9083-8AF112D63252}.Debug|Any CPU.ActiveCfg = Debug|Any CPU
		{A773F17C-5330-40E4-9083-8AF112D63252}.Debug|Any CPU.Build.0 = Debug|Any CPU
		{A773F17C-5330-40E4-9083-8AF112D63252}.Debug|x64.ActiveCfg = Debug|Any CPU
		{A773F17C-5330-40E4-9083-8AF112D63252}.Debug|x64.Build.0 = Debug|Any CPU
		{A773F17C-5330-40E4-9083-8AF112D63252}.Debug|x86.ActiveCfg = Debug|Any CPU
		{A773F17C-5330-40E4-9083-8AF112D63252}.Debug|x86.Build.0 = Debug|Any CPU
		{A773F17C-5330-40E4-9083-8AF112D63252}.Release|Any CPU.ActiveCfg = Release|Any CPU
		{A773F17C-5330-40E4-9083-8AF112D63252}.Release|Any CPU.Build.0 = Release|Any CPU
		{A773F17C-5330-40E4-9083-8AF112D63252}.Release|x64.ActiveCfg = Release|Any CPU
		{A773F17C-5330-40E4-9083-8AF112D63252}.Release|x64.Build.0 = Release|Any CPU
		{A773F17C-5330-40E4-9083-8AF112D63252}.Release|x86.ActiveCfg = Release|Any CPU
		{A773F17C-5330-40E4-9083-8AF112D63252}.Release|x86.Build.0 = Release|Any CPU
		{D97AC50C-8EB1-483B-9942-93DF9F9E0F62}.Debug|Any CPU.ActiveCfg = Debug|Any CPU
		{D97AC50C-8EB1-483B-9942-93DF9F9E0F62}.Debug|Any CPU.Build.0 = Debug|Any CPU
		{D97AC50C-8EB1-483B-9942-93DF9F9E0F62}.Debug|x64.ActiveCfg = Debug|Any CPU
		{D97AC50C-8EB1-483B-9942-93DF9F9E0F62}.Debug|x64.Build.0 = Debug|Any CPU
		{D97AC50C-8EB1-483B-9942-93DF9F9E0F62}.Debug|x86.ActiveCfg = Debug|Any CPU
		{D97AC50C-8EB1-483B-9942-93DF9F9E0F62}.Debug|x86.Build.0 = Debug|Any CPU
		{D97AC50C-8EB1-483B-9942-93DF9F9E0F62}.Release|Any CPU.ActiveCfg = Release|Any CPU
		{D97AC50C-8EB1-483B-9942-93DF9F9E0F62}.Release|Any CPU.Build.0 = Release|Any CPU
		{D97AC50C-8EB1-483B-9942-93DF9F9E0F62}.Release|x64.ActiveCfg = Release|Any CPU
		{D97AC50C-8EB1-483B-9942-93DF9F9E0F62}.Release|x64.Build.0 = Release|Any CPU
		{D97AC50C-8EB1-483B-9942-93DF9F9E0F62}.Release|x86.ActiveCfg = Release|Any CPU
		{D97AC50C-8EB1-483B-9942-93DF9F9E0F62}.Release|x86.Build.0 = Release|Any CPU
		{F10DB73D-A8BD-4BD3-83BA-281C4CD78DBE}.Debug|Any CPU.ActiveCfg = Debug|Any CPU
		{F10DB73D-A8BD-4BD3-83BA-281C4CD78DBE}.Debug|Any CPU.Build.0 = Debug|Any CPU
		{F10DB73D-A8BD-4BD3-83BA-281C4CD78DBE}.Debug|x64.ActiveCfg = Debug|Any CPU
		{F10DB73D-A8BD-4BD3-83BA-281C4CD78DBE}.Debug|x64.Build.0 = Debug|Any CPU
		{F10DB73D-A8BD-4BD3-83BA-281C4CD78DBE}.Debug|x86.ActiveCfg = Debug|Any CPU
		{F10DB73D-A8BD-4BD3-83BA-281C4CD78DBE}.Debug|x86.Build.0 = Debug|Any CPU
		{F10DB73D-A8BD-4BD3-83BA-281C4CD78DBE}.Release|Any CPU.ActiveCfg = Release|Any CPU
		{F10DB73D-A8BD-4BD3-83BA-281C4CD78DBE}.Release|Any CPU.Build.0 = Release|Any CPU
		{F10DB73D-A8BD-4BD3-83BA-281C4CD78DBE}.Release|x64.ActiveCfg = Release|Any CPU
		{F10DB73D-A8BD-4BD3-83BA-281C4CD78DBE}.Release|x64.Build.0 = Release|Any CPU
		{F10DB73D-A8BD-4BD3-83BA-281C4CD78DBE}.Release|x86.ActiveCfg = Release|Any CPU
		{F10DB73D-A8BD-4BD3-83BA-281C4CD78DBE}.Release|x86.Build.0 = Release|Any CPU
		{37D73A9E-5A21-4FA0-9559-F53B64DDA025}.Debug|Any CPU.ActiveCfg = Debug|Any CPU
		{37D73A9E-5A21-4FA0-9559-F53B64DDA025}.Debug|Any CPU.Build.0 = Debug|Any CPU
		{37D73A9E-5A21-4FA0-9559-F53B64DDA025}.Debug|x64.ActiveCfg = Debug|Any CPU
		{37D73A9E-5A21-4FA0-9559-F53B64DDA025}.Debug|x64.Build.0 = Debug|Any CPU
		{37D73A9E-5A21-4FA0-9559-F53B64DDA025}.Debug|x86.ActiveCfg = Debug|Any CPU
		{37D73A9E-5A21-4FA0-9559-F53B64DDA025}.Debug|x86.Build.0 = Debug|Any CPU
		{37D73A9E-5A21-4FA0-9559-F53B64DDA025}.Release|Any CPU.ActiveCfg = Release|Any CPU
		{37D73A9E-5A21-4FA0-9559-F53B64DDA025}.Release|Any CPU.Build.0 = Release|Any CPU
		{37D73A9E-5A21-4FA0-9559-F53B64DDA025}.Release|x64.ActiveCfg = Release|Any CPU
		{37D73A9E-5A21-4FA0-9559-F53B64DDA025}.Release|x64.Build.0 = Release|Any CPU
		{37D73A9E-5A21-4FA0-9559-F53B64DDA025}.Release|x86.ActiveCfg = Release|Any CPU
		{37D73A9E-5A21-4FA0-9559-F53B64DDA025}.Release|x86.Build.0 = Release|Any CPU
		{76A060DB-AB52-4776-89C5-5372B07A92DD}.Debug|Any CPU.ActiveCfg = Debug|Any CPU
		{76A060DB-AB52-4776-89C5-5372B07A92DD}.Debug|Any CPU.Build.0 = Debug|Any CPU
		{76A060DB-AB52-4776-89C5-5372B07A92DD}.Debug|x64.ActiveCfg = Debug|Any CPU
		{76A060DB-AB52-4776-89C5-5372B07A92DD}.Debug|x64.Build.0 = Debug|Any CPU
		{76A060DB-AB52-4776-89C5-5372B07A92DD}.Debug|x86.ActiveCfg = Debug|Any CPU
		{76A060DB-AB52-4776-89C5-5372B07A92DD}.Debug|x86.Build.0 = Debug|Any CPU
		{76A060DB-AB52-4776-89C5-5372B07A92DD}.Release|Any CPU.ActiveCfg = Release|Any CPU
		{76A060DB-AB52-4776-89C5-5372B07A92DD}.Release|Any CPU.Build.0 = Release|Any CPU
		{76A060DB-AB52-4776-89C5-5372B07A92DD}.Release|x64.ActiveCfg = Release|Any CPU
		{76A060DB-AB52-4776-89C5-5372B07A92DD}.Release|x64.Build.0 = Release|Any CPU
		{76A060DB-AB52-4776-89C5-5372B07A92DD}.Release|x86.ActiveCfg = Release|Any CPU
		{76A060DB-AB52-4776-89C5-5372B07A92DD}.Release|x86.Build.0 = Release|Any CPU
	EndGlobalSection
	GlobalSection(SolutionProperties) = preSolution
		HideSolutionNode = FALSE
	EndGlobalSection
	GlobalSection(ExtensibilityGlobals) = postSolution
		SolutionGuid = {47B180A1-239B-4DB9-B287-79A58F36140C}
	EndGlobalSection
EndGlobal
